
Microsoft Visual Studio Solution File, Format Version 12.00
# Visual Studio Version 16
VisualStudioVersion = 16.0.31410.357
MinimumVisualStudioVersion = 10.0.40219.1
Project("{FAE04EC0-301F-11D3-BF4B-00C04F79EFBC}") = "entity", "entity\entity.csproj", "{93F0CC7D-7829-4D79-AA53-DEB5AB700FB1}"
EndProject
Project("{FAE04EC0-301F-11D3-BF4B-00C04F79EFBC}") = "data", "data\data.csproj", "{A7246073-5206-46C0-BD50-58B19B3FC7D0}"
EndProject
Global
	GlobalSection(SolutionConfigurationPlatforms) = preSolution
		Debug|Any CPU = Debug|Any CPU
		Release|Any CPU = Release|Any CPU
	EndGlobalSection
	GlobalSection(ProjectConfigurationPlatforms) = postSolution
		{93F0CC7D-7829-4D79-AA53-DEB5AB700FB1}.Debug|Any CPU.ActiveCfg = Debug|Any CPU
		{93F0CC7D-7829-4D79-AA53-DEB5AB700FB1}.Debug|Any CPU.Build.0 = Debug|Any CPU
		{93F0CC7D-7829-4D79-AA53-DEB5AB700FB1}.Release|Any CPU.ActiveCfg = Release|Any CPU
		{93F0CC7D-7829-4D79-AA53-DEB5AB700FB1}.Release|Any CPU.Build.0 = Release|Any CPU
		{A7246073-5206-46C0-BD50-58B19B3FC7D0}.Debug|Any CPU.ActiveCfg = Debug|Any CPU
		{A7246073-5206-46C0-BD50-58B19B3FC7D0}.Debug|Any CPU.Build.0 = Debug|Any CPU
		{A7246073-5206-46C0-BD50-58B19B3FC7D0}.Release|Any CPU.ActiveCfg = Release|Any CPU
		{A7246073-5206-46C0-BD50-58B19B3FC7D0}.Release|Any CPU.Build.0 = Release|Any CPU
	EndGlobalSection
	GlobalSection(SolutionProperties) = preSolution
		HideSolutionNode = FALSE
	EndGlobalSection
	GlobalSection(ExtensibilityGlobals) = postSolution
		SolutionGuid = {C82F3321-5077-4E72-A8B6-D5A2987D1702}
	EndGlobalSection
EndGlobal
